
Microsoft Visual Studio Solution File, Format Version 12.00
# Visual Studio Version 17
VisualStudioVersion = 17.9.34728.123
MinimumVisualStudioVersion = 10.0.40219.1
Project("{FAE04EC0-301F-11D3-BF4B-00C04F79EFBC}") = "Lab02_DTL", "Lab02_DTL\Lab02_DTL.csproj", "{9B309A22-ED40-4A9A-8167-F5754753B93D}"
EndProject
Global
	GlobalSection(SolutionConfigurationPlatforms) = preSolution
		Debug|Any CPU = Debug|Any CPU
		Release|Any CPU = Release|Any CPU
	EndGlobalSection
	GlobalSection(ProjectConfigurationPlatforms) = postSolution
		{9B309A22-ED40-4A9A-8167-F5754753B93D}.Debug|Any CPU.ActiveCfg = Debug|Any CPU
		{9B309A22-ED40-4A9A-8167-F5754753B93D}.Debug|Any CPU.Build.0 = Debug|Any CPU
		{9B309A22-ED40-4A9A-8167-F5754753B93D}.Release|Any CPU.ActiveCfg = Release|Any CPU
		{9B309A22-ED40-4A9A-8167-F5754753B93D}.Release|Any CPU.Build.0 = Release|Any CPU
	EndGlobalSection
	GlobalSection(SolutionProperties) = preSolution
		HideSolutionNode = FALSE
	EndGlobalSection
	GlobalSection(ExtensibilityGlobals) = postSolution
		SolutionGuid = {1D949815-4B63-4543-9063-8EF6D52C3873}
	EndGlobalSection
EndGlobal
