
Microsoft Visual Studio Solution File, Format Version 12.00
# Visual Studio Version 17
VisualStudioVersion = 17.9.34728.123
MinimumVisualStudioVersion = 10.0.40219.1
Project("{FAE04EC0-301F-11D3-BF4B-00C04F79EFBC}") = "Dtl_BaiThiGiuaKy", "Dtl_BaiThiGiuaKy\Dtl_BaiThiGiuaKy.csproj", "{13F82A59-44B3-4CAD-98B0-9616B32A56A6}"
EndProject
Global
	GlobalSection(SolutionConfigurationPlatforms) = preSolution
		Debug|Any CPU = Debug|Any CPU
		Release|Any CPU = Release|Any CPU
	EndGlobalSection
	GlobalSection(ProjectConfigurationPlatforms) = postSolution
		{13F82A59-44B3-4CAD-98B0-9616B32A56A6}.Debug|Any CPU.ActiveCfg = Debug|Any CPU
		{13F82A59-44B3-4CAD-98B0-9616B32A56A6}.Debug|Any CPU.Build.0 = Debug|Any CPU
		{13F82A59-44B3-4CAD-98B0-9616B32A56A6}.Release|Any CPU.ActiveCfg = Release|Any CPU
		{13F82A59-44B3-4CAD-98B0-9616B32A56A6}.Release|Any CPU.Build.0 = Release|Any CPU
	EndGlobalSection
	GlobalSection(SolutionProperties) = preSolution
		HideSolutionNode = FALSE
	EndGlobalSection
	GlobalSection(ExtensibilityGlobals) = postSolution
		SolutionGuid = {288EB1EE-E5E5-4315-8202-C29846D3A16A}
	EndGlobalSection
EndGlobal
