
Microsoft Visual Studio Solution File, Format Version 12.00
# Visual Studio Version 17
VisualStudioVersion = 17.9.34728.123
MinimumVisualStudioVersion = 10.0.40219.1
Project("{FAE04EC0-301F-11D3-BF4B-00C04F79EFBC}") = "DtlLesson12_Ontap", "DtlLesson12_Ontap\DtlLesson12_Ontap.csproj", "{525ABC9C-8BF5-48EE-843A-20C80AEFE961}"
EndProject
Global
	GlobalSection(SolutionConfigurationPlatforms) = preSolution
		Debug|Any CPU = Debug|Any CPU
		Release|Any CPU = Release|Any CPU
	EndGlobalSection
	GlobalSection(ProjectConfigurationPlatforms) = postSolution
		{525ABC9C-8BF5-48EE-843A-20C80AEFE961}.Debug|Any CPU.ActiveCfg = Debug|Any CPU
		{525ABC9C-8BF5-48EE-843A-20C80AEFE961}.Debug|Any CPU.Build.0 = Debug|Any CPU
		{525ABC9C-8BF5-48EE-843A-20C80AEFE961}.Release|Any CPU.ActiveCfg = Release|Any CPU
		{525ABC9C-8BF5-48EE-843A-20C80AEFE961}.Release|Any CPU.Build.0 = Release|Any CPU
	EndGlobalSection
	GlobalSection(SolutionProperties) = preSolution
		HideSolutionNode = FALSE
	EndGlobalSection
	GlobalSection(ExtensibilityGlobals) = postSolution
		SolutionGuid = {79E4193A-7BEC-40B1-9986-B51B389A59D6}
	EndGlobalSection
EndGlobal
