
Microsoft Visual Studio Solution File, Format Version 12.00
# Visual Studio Version 17
VisualStudioVersion = 17.9.34714.143
MinimumVisualStudioVersion = 10.0.40219.1
Project("{FAE04EC0-301F-11D3-BF4B-00C04F79EFBC}") = "lab01-lesson01", "lab01-lesson01.csproj", "{5DF784F8-A2B5-4563-B19A-8EEE36D57CDE}"
EndProject
Project("{FAE04EC0-301F-11D3-BF4B-00C04F79EFBC}") = "lab_1.2", "..\lab_1.2\lab_1.2.csproj", "{98AB9CF7-F760-4982-9000-B3BEFFA1A4C7}"
EndProject
Global
	GlobalSection(SolutionConfigurationPlatforms) = preSolution
		Debug|Any CPU = Debug|Any CPU
		Release|Any CPU = Release|Any CPU
	EndGlobalSection
	GlobalSection(ProjectConfigurationPlatforms) = postSolution
		{5DF784F8-A2B5-4563-B19A-8EEE36D57CDE}.Debug|Any CPU.ActiveCfg = Debug|Any CPU
		{5DF784F8-A2B5-4563-B19A-8EEE36D57CDE}.Debug|Any CPU.Build.0 = Debug|Any CPU
		{5DF784F8-A2B5-4563-B19A-8EEE36D57CDE}.Release|Any CPU.ActiveCfg = Release|Any CPU
		{5DF784F8-A2B5-4563-B19A-8EEE36D57CDE}.Release|Any CPU.Build.0 = Release|Any CPU
		{98AB9CF7-F760-4982-9000-B3BEFFA1A4C7}.Debug|Any CPU.ActiveCfg = Debug|Any CPU
		{98AB9CF7-F760-4982-9000-B3BEFFA1A4C7}.Debug|Any CPU.Build.0 = Debug|Any CPU
		{98AB9CF7-F760-4982-9000-B3BEFFA1A4C7}.Release|Any CPU.ActiveCfg = Release|Any CPU
		{98AB9CF7-F760-4982-9000-B3BEFFA1A4C7}.Release|Any CPU.Build.0 = Release|Any CPU
	EndGlobalSection
	GlobalSection(SolutionProperties) = preSolution
		HideSolutionNode = FALSE
	EndGlobalSection
	GlobalSection(ExtensibilityGlobals) = postSolution
		SolutionGuid = {FBAF4B0D-D6AF-4AB8-A54F-6C64738B6E2E}
	EndGlobalSection
EndGlobal
