
Microsoft Visual Studio Solution File, Format Version 12.00
# Visual Studio Version 17
VisualStudioVersion = 17.9.34728.123
MinimumVisualStudioVersion = 10.0.40219.1
Project("{FAE04EC0-301F-11D3-BF4B-00C04F79EFBC}") = "Dtl_lab05", "Dtl_lab05\Dtl_lab05.csproj", "{B24AA2A0-80D6-4AAA-A85A-6E33ABCAEB45}"
EndProject
Global
	GlobalSection(SolutionConfigurationPlatforms) = preSolution
		Debug|Any CPU = Debug|Any CPU
		Release|Any CPU = Release|Any CPU
	EndGlobalSection
	GlobalSection(ProjectConfigurationPlatforms) = postSolution
		{B24AA2A0-80D6-4AAA-A85A-6E33ABCAEB45}.Debug|Any CPU.ActiveCfg = Debug|Any CPU
		{B24AA2A0-80D6-4AAA-A85A-6E33ABCAEB45}.Debug|Any CPU.Build.0 = Debug|Any CPU
		{B24AA2A0-80D6-4AAA-A85A-6E33ABCAEB45}.Release|Any CPU.ActiveCfg = Release|Any CPU
		{B24AA2A0-80D6-4AAA-A85A-6E33ABCAEB45}.Release|Any CPU.Build.0 = Release|Any CPU
	EndGlobalSection
	GlobalSection(SolutionProperties) = preSolution
		HideSolutionNode = FALSE
	EndGlobalSection
	GlobalSection(ExtensibilityGlobals) = postSolution
		SolutionGuid = {409BC0F4-623F-40A1-9453-1076AD5CFC68}
	EndGlobalSection
EndGlobal
