
Microsoft Visual Studio Solution File, Format Version 12.00
# Visual Studio Version 17
VisualStudioVersion = 17.9.34728.123
MinimumVisualStudioVersion = 10.0.40219.1
Project("{FAE04EC0-301F-11D3-BF4B-00C04F79EFBC}") = "DtlLesson04", "DtlLesson04\DtlLesson04.csproj", "{47707DF4-A1D7-4350-BB6C-9AF8D897E375}"
EndProject
Global
	GlobalSection(SolutionConfigurationPlatforms) = preSolution
		Debug|Any CPU = Debug|Any CPU
		Release|Any CPU = Release|Any CPU
	EndGlobalSection
	GlobalSection(ProjectConfigurationPlatforms) = postSolution
		{47707DF4-A1D7-4350-BB6C-9AF8D897E375}.Debug|Any CPU.ActiveCfg = Debug|Any CPU
		{47707DF4-A1D7-4350-BB6C-9AF8D897E375}.Debug|Any CPU.Build.0 = Debug|Any CPU
		{47707DF4-A1D7-4350-BB6C-9AF8D897E375}.Release|Any CPU.ActiveCfg = Release|Any CPU
		{47707DF4-A1D7-4350-BB6C-9AF8D897E375}.Release|Any CPU.Build.0 = Release|Any CPU
	EndGlobalSection
	GlobalSection(SolutionProperties) = preSolution
		HideSolutionNode = FALSE
	EndGlobalSection
	GlobalSection(ExtensibilityGlobals) = postSolution
		SolutionGuid = {81E9E703-8616-4DEA-A9D0-9F7E51C4147F}
	EndGlobalSection
EndGlobal
