
Microsoft Visual Studio Solution File, Format Version 12.00
# Visual Studio Version 17
VisualStudioVersion = 17.9.34728.123
MinimumVisualStudioVersion = 10.0.40219.1
Project("{FAE04EC0-301F-11D3-BF4B-00C04F79EFBC}") = "DtlLesson06CF", "DtlLesson06CF\DtlLesson06CF.csproj", "{675FF8C6-ED68-4A50-9224-05950EB103A6}"
EndProject
Global
	GlobalSection(SolutionConfigurationPlatforms) = preSolution
		Debug|Any CPU = Debug|Any CPU
		Release|Any CPU = Release|Any CPU
	EndGlobalSection
	GlobalSection(ProjectConfigurationPlatforms) = postSolution
		{675FF8C6-ED68-4A50-9224-05950EB103A6}.Debug|Any CPU.ActiveCfg = Debug|Any CPU
		{675FF8C6-ED68-4A50-9224-05950EB103A6}.Debug|Any CPU.Build.0 = Debug|Any CPU
		{675FF8C6-ED68-4A50-9224-05950EB103A6}.Release|Any CPU.ActiveCfg = Release|Any CPU
		{675FF8C6-ED68-4A50-9224-05950EB103A6}.Release|Any CPU.Build.0 = Release|Any CPU
	EndGlobalSection
	GlobalSection(SolutionProperties) = preSolution
		HideSolutionNode = FALSE
	EndGlobalSection
	GlobalSection(ExtensibilityGlobals) = postSolution
		SolutionGuid = {0E3FD399-958A-4218-8965-54B73F246C0F}
	EndGlobalSection
EndGlobal
